// !$*UTF8*$!
{
	archiveVersion = 1;
	classes = {
	};
	objectVersion = 55;
	objects = {

/* Begin PBXBuildFile section */
		D894C6262764B66300EC4345 /* DailyIntake.swift in Sources */ = {isa = PBXBuildFile; fileRef = D894C6252764B66300EC4345 /* DailyIntake.swift */; };
		D894C62A2764C4F300EC4345 /* NumberTextField.swift in Sources */ = {isa = PBXBuildFile; fileRef = D894C6292764C4F300EC4345 /* NumberTextField.swift */; };
		D894C62C2764C9F100EC4345 /* AddFirstDrink.swift in Sources */ = {isa = PBXBuildFile; fileRef = D894C62B2764C9F100EC4345 /* AddFirstDrink.swift */; };
		D8DD045C2764EFFA009BC215 /* CustomTabBar.swift in Sources */ = {isa = PBXBuildFile; fileRef = D8DD045B2764EFFA009BC215 /* CustomTabBar.swift */; };
		D8DD045E2764F6D9009BC215 /* Settings.swift in Sources */ = {isa = PBXBuildFile; fileRef = D8DD045D2764F6D9009BC215 /* Settings.swift */; };
		D8DD04602764F6E7009BC215 /* History.swift in Sources */ = {isa = PBXBuildFile; fileRef = D8DD045F2764F6E7009BC215 /* History.swift */; };
		D8DD046227653FDF009BC215 /* WhaterIntake.swift in Sources */ = {isa = PBXBuildFile; fileRef = D8DD046127653FDF009BC215 /* WhaterIntake.swift */; };
		D8DD046427653FFF009BC215 /* WhatIsYouGoal2.swift in Sources */ = {isa = PBXBuildFile; fileRef = D8DD046327653FFF009BC215 /* WhatIsYouGoal2.swift */; };
		D8DD046627654014009BC215 /* RemindMeEach2.swift in Sources */ = {isa = PBXBuildFile; fileRef = D8DD046527654014009BC215 /* RemindMeEach2.swift */; };
		D8FFA2102763BE2500C2B17C /* WaterBalanceUIApp.swift in Sources */ = {isa = PBXBuildFile; fileRef = D8FFA20F2763BE2500C2B17C /* WaterBalanceUIApp.swift */; };
		D8FFA2142763BE2600C2B17C /* Assets.xcassets in Resources */ = {isa = PBXBuildFile; fileRef = D8FFA2132763BE2600C2B17C /* Assets.xcassets */; };
		D8FFA2172763BE2600C2B17C /* Preview Assets.xcassets in Resources */ = {isa = PBXBuildFile; fileRef = D8FFA2162763BE2600C2B17C /* Preview Assets.xcassets */; };
		D8FFA21E2763BF5900C2B17C /* WhatIsYouGoal.swift in Sources */ = {isa = PBXBuildFile; fileRef = D8FFA21D2763BF5900C2B17C /* WhatIsYouGoal.swift */; };
		D8FFA2222763DAE200C2B17C /* CheckBoxView.swift in Sources */ = {isa = PBXBuildFile; fileRef = D8FFA2212763DAE200C2B17C /* CheckBoxView.swift */; };
		D8FFA2242763E1D700C2B17C /* RemindMeEach.swift in Sources */ = {isa = PBXBuildFile; fileRef = D8FFA2232763E1D700C2B17C /* RemindMeEach.swift */; };
/* End PBXBuildFile section */

/* Begin PBXFileReference section */
		D894C6252764B66300EC4345 /* DailyIntake.swift */ = {isa = PBXFileReference; lastKnownFileType = sourcecode.swift; path = DailyIntake.swift; sourceTree = "<group>"; };
		D894C6292764C4F300EC4345 /* NumberTextField.swift */ = {isa = PBXFileReference; lastKnownFileType = sourcecode.swift; path = NumberTextField.swift; sourceTree = "<group>"; };
		D894C62B2764C9F100EC4345 /* AddFirstDrink.swift */ = {isa = PBXFileReference; lastKnownFileType = sourcecode.swift; path = AddFirstDrink.swift; sourceTree = "<group>"; };
		D8DD045B2764EFFA009BC215 /* CustomTabBar.swift */ = {isa = PBXFileReference; lastKnownFileType = sourcecode.swift; path = CustomTabBar.swift; sourceTree = "<group>"; };
		D8DD045D2764F6D9009BC215 /* Settings.swift */ = {isa = PBXFileReference; lastKnownFileType = sourcecode.swift; path = Settings.swift; sourceTree = "<group>"; };
		D8DD045F2764F6E7009BC215 /* History.swift */ = {isa = PBXFileReference; lastKnownFileType = sourcecode.swift; path = History.swift; sourceTree = "<group>"; };
		D8DD046127653FDF009BC215 /* WhaterIntake.swift */ = {isa = PBXFileReference; lastKnownFileType = sourcecode.swift; path = WhaterIntake.swift; sourceTree = "<group>"; };
		D8DD046327653FFF009BC215 /* WhatIsYouGoal2.swift */ = {isa = PBXFileReference; lastKnownFileType = sourcecode.swift; path = WhatIsYouGoal2.swift; sourceTree = "<group>"; };
		D8DD046527654014009BC215 /* RemindMeEach2.swift */ = {isa = PBXFileReference; lastKnownFileType = sourcecode.swift; path = RemindMeEach2.swift; sourceTree = "<group>"; };
		D8FFA20C2763BE2500C2B17C /* WaterBalanceUI.app */ = {isa = PBXFileReference; explicitFileType = wrapper.application; includeInIndex = 0; path = WaterBalanceUI.app; sourceTree = BUILT_PRODUCTS_DIR; };
		D8FFA20F2763BE2500C2B17C /* WaterBalanceUIApp.swift */ = {isa = PBXFileReference; lastKnownFileType = sourcecode.swift; path = WaterBalanceUIApp.swift; sourceTree = "<group>"; };
		D8FFA2132763BE2600C2B17C /* Assets.xcassets */ = {isa = PBXFileReference; lastKnownFileType = folder.assetcatalog; path = Assets.xcassets; sourceTree = "<group>"; };
		D8FFA2162763BE2600C2B17C /* Preview Assets.xcassets */ = {isa = PBXFileReference; lastKnownFileType = folder.assetcatalog; path = "Preview Assets.xcassets"; sourceTree = "<group>"; };
		D8FFA21D2763BF5900C2B17C /* WhatIsYouGoal.swift */ = {isa = PBXFileReference; lastKnownFileType = sourcecode.swift; path = WhatIsYouGoal.swift; sourceTree = "<group>"; };
		D8FFA2212763DAE200C2B17C /* CheckBoxView.swift */ = {isa = PBXFileReference; lastKnownFileType = sourcecode.swift; path = CheckBoxView.swift; sourceTree = "<group>"; };
		D8FFA2232763E1D700C2B17C /* RemindMeEach.swift */ = {isa = PBXFileReference; lastKnownFileType = sourcecode.swift; path = RemindMeEach.swift; sourceTree = "<group>"; };
/* End PBXFileReference section */

/* Begin PBXFrameworksBuildPhase section */
		D8FFA2092763BE2500C2B17C /* Frameworks */ = {
			isa = PBXFrameworksBuildPhase;
			buildActionMask = 2147483647;
			files = (
			);
			runOnlyForDeploymentPostprocessing = 0;
		};
/* End PBXFrameworksBuildPhase section */

/* Begin PBXGroup section */
		D8FFA2032763BE2500C2B17C = {
			isa = PBXGroup;
			children = (
				D8FFA20E2763BE2500C2B17C /* WaterBalanceUI */,
				D8FFA20D2763BE2500C2B17C /* Products */,
			);
			sourceTree = "<group>";
		};
		D8FFA20D2763BE2500C2B17C /* Products */ = {
			isa = PBXGroup;
			children = (
				D8FFA20C2763BE2500C2B17C /* WaterBalanceUI.app */,
			);
			name = Products;
			sourceTree = "<group>";
		};
		D8FFA20E2763BE2500C2B17C /* WaterBalanceUI */ = {
			isa = PBXGroup;
			children = (
				D8FFA20F2763BE2500C2B17C /* WaterBalanceUIApp.swift */,
				D8DD045B2764EFFA009BC215 /* CustomTabBar.swift */,
				D8FFA21D2763BF5900C2B17C /* WhatIsYouGoal.swift */,
				D8FFA2232763E1D700C2B17C /* RemindMeEach.swift */,
				D894C6252764B66300EC4345 /* DailyIntake.swift */,
				D894C62B2764C9F100EC4345 /* AddFirstDrink.swift */,
				D8DD045D2764F6D9009BC215 /* Settings.swift */,
				D8DD045F2764F6E7009BC215 /* History.swift */,
				D8DD046127653FDF009BC215 /* WhaterIntake.swift */,
				D8DD046327653FFF009BC215 /* WhatIsYouGoal2.swift */,
				D8DD046527654014009BC215 /* RemindMeEach2.swift */,
				D8FFA2212763DAE200C2B17C /* CheckBoxView.swift */,
				D894C6292764C4F300EC4345 /* NumberTextField.swift */,
				D8FFA2132763BE2600C2B17C /* Assets.xcassets */,
				D8FFA2152763BE2600C2B17C /* Preview Content */,
			);
			path = WaterBalanceUI;
			sourceTree = "<group>";
		};
		D8FFA2152763BE2600C2B17C /* Preview Content */ = {
			isa = PBXGroup;
			children = (
				D8FFA2162763BE2600C2B17C /* Preview Assets.xcassets */,
			);
			path = "Preview Content";
			sourceTree = "<group>";
		};
/* End PBXGroup section */

/* Begin PBXNativeTarget section */
		D8FFA20B2763BE2500C2B17C /* WaterBalanceUI */ = {
			isa = PBXNativeTarget;
			buildConfigurationList = D8FFA21A2763BE2600C2B17C /* Build configuration list for PBXNativeTarget "WaterBalanceUI" */;
			buildPhases = (
				D8FFA2082763BE2500C2B17C /* Sources */,
				D8FFA2092763BE2500C2B17C /* Frameworks */,
				D8FFA20A2763BE2500C2B17C /* Resources */,
			);
			buildRules = (
			);
			dependencies = (
			);
			name = WaterBalanceUI;
			productName = WaterBalanceUI;
			productReference = D8FFA20C2763BE2500C2B17C /* WaterBalanceUI.app */;
			productType = "com.apple.product-type.application";
		};
/* End PBXNativeTarget section */

/* Begin PBXProject section */
		D8FFA2042763BE2500C2B17C /* Project object */ = {
			isa = PBXProject;
			attributes = {
				BuildIndependentTargetsInParallel = 1;
				LastSwiftUpdateCheck = 1310;
				LastUpgradeCheck = 1310;
				TargetAttributes = {
					D8FFA20B2763BE2500C2B17C = {
						CreatedOnToolsVersion = 13.1;
					};
				};
			};
			buildConfigurationList = D8FFA2072763BE2500C2B17C /* Build configuration list for PBXProject "WaterBalanceUI" */;
			compatibilityVersion = "Xcode 13.0";
			developmentRegion = en;
			hasScannedForEncodings = 0;
			knownRegions = (
				en,
				Base,
			);
			mainGroup = D8FFA2032763BE2500C2B17C;
			productRefGroup = D8FFA20D2763BE2500C2B17C /* Products */;
			projectDirPath = "";
			projectRoot = "";
			targets = (
				D8FFA20B2763BE2500C2B17C /* WaterBalanceUI */,
			);
		};
/* End PBXProject section */

/* Begin PBXResourcesBuildPhase section */
		D8FFA20A2763BE2500C2B17C /* Resources */ = {
			isa = PBXResourcesBuildPhase;
			buildActionMask = 2147483647;
			files = (
				D8FFA2172763BE2600C2B17C /* Preview Assets.xcassets in Resources */,
				D8FFA2142763BE2600C2B17C /* Assets.xcassets in Resources */,
			);
			runOnlyForDeploymentPostprocessing = 0;
		};
/* End PBXResourcesBuildPhase section */

/* Begin PBXSourcesBuildPhase section */
		D8FFA2082763BE2500C2B17C /* Sources */ = {
			isa = PBXSourcesBuildPhase;
			buildActionMask = 2147483647;
			files = (
				D8FFA21E2763BF5900C2B17C /* WhatIsYouGoal.swift in Sources */,
				D8DD046427653FFF009BC215 /* WhatIsYouGoal2.swift in Sources */,
				D894C62A2764C4F300EC4345 /* NumberTextField.swift in Sources */,
				D8DD04602764F6E7009BC215 /* History.swift in Sources */,
				D8DD046227653FDF009BC215 /* WhaterIntake.swift in Sources */,
				D8FFA2102763BE2500C2B17C /* WaterBalanceUIApp.swift in Sources */,
				D8DD045E2764F6D9009BC215 /* Settings.swift in Sources */,
				D8DD045C2764EFFA009BC215 /* CustomTabBar.swift in Sources */,
				D894C6262764B66300EC4345 /* DailyIntake.swift in Sources */,
				D8FFA2242763E1D700C2B17C /* RemindMeEach.swift in Sources */,
				D8DD046627654014009BC215 /* RemindMeEach2.swift in Sources */,
				D8FFA2222763DAE200C2B17C /* CheckBoxView.swift in Sources */,
				D894C62C2764C9F100EC4345 /* AddFirstDrink.swift in Sources */,
			);
			runOnlyForDeploymentPostprocessing = 0;
		};
/* End PBXSourcesBuildPhase section */

/* Begin XCBuildConfiguration section */
		D8FFA2182763BE2600C2B17C /* Debug */ = {
			isa = XCBuildConfiguration;
			buildSettings = {
				ALWAYS_SEARCH_USER_PATHS = NO;
				CLANG_ANALYZER_NONNULL = YES;
				CLANG_ANALYZER_NUMBER_OBJECT_CONVERSION = YES_AGGRESSIVE;
				CLANG_CXX_LANGUAGE_STANDARD = "gnu++17";
				CLANG_CXX_LIBRARY = "libc++";
				CLANG_ENABLE_MODULES = YES;
				CLANG_ENABLE_OBJC_ARC = YES;
				CLANG_ENABLE_OBJC_WEAK = YES;
				CLANG_WARN_BLOCK_CAPTURE_AUTORELEASING = YES;
				CLANG_WARN_BOOL_CONVERSION = YES;
				CLANG_WARN_COMMA = YES;
				CLANG_WARN_CONSTANT_CONVERSION = YES;
				CLANG_WARN_DEPRECATED_OBJC_IMPLEMENTATIONS = YES;
				CLANG_WARN_DIRECT_OBJC_ISA_USAGE = YES_ERROR;
				CLANG_WARN_DOCUMENTATION_COMMENTS = YES;
				CLANG_WARN_EMPTY_BODY = YES;
				CLANG_WARN_ENUM_CONVERSION = YES;
				CLANG_WARN_INFINITE_RECURSION = YES;
				CLANG_WARN_INT_CONVERSION = YES;
				CLANG_WARN_NON_LITERAL_NULL_CONVERSION = YES;
				CLANG_WARN_OBJC_IMPLICIT_RETAIN_SELF = YES;
				CLANG_WARN_OBJC_LITERAL_CONVERSION = YES;
				CLANG_WARN_OBJC_ROOT_CLASS = YES_ERROR;
				CLANG_WARN_QUOTED_INCLUDE_IN_FRAMEWORK_HEADER = YES;
				CLANG_WARN_RANGE_LOOP_ANALYSIS = YES;
				CLANG_WARN_STRICT_PROTOTYPES = YES;
				CLANG_WARN_SUSPICIOUS_MOVE = YES;
				CLANG_WARN_UNGUARDED_AVAILABILITY = YES_AGGRESSIVE;
				CLANG_WARN_UNREACHABLE_CODE = YES;
				CLANG_WARN__DUPLICATE_METHOD_MATCH = YES;
				COPY_PHASE_STRIP = NO;
				DEBUG_INFORMATION_FORMAT = dwarf;
				ENABLE_STRICT_OBJC_MSGSEND = YES;
				ENABLE_TESTABILITY = YES;
				GCC_C_LANGUAGE_STANDARD = gnu11;
				GCC_DYNAMIC_NO_PIC = NO;
				GCC_NO_COMMON_BLOCKS = YES;
				GCC_OPTIMIZATION_LEVEL = 0;
				GCC_PREPROCESSOR_DEFINITIONS = (
					"DEBUG=1",
					"$(inherited)",
				);
				GCC_WARN_64_TO_32_BIT_CONVERSION = YES;
				GCC_WARN_ABOUT_RETURN_TYPE = YES_ERROR;
				GCC_WARN_UNDECLARED_SELECTOR = YES;
				GCC_WARN_UNINITIALIZED_AUTOS = YES_AGGRESSIVE;
				GCC_WARN_UNUSED_FUNCTION = YES;
				GCC_WARN_UNUSED_VARIABLE = YES;
				IPHONEOS_DEPLOYMENT_TARGET = 15.0;
				MTL_ENABLE_DEBUG_INFO = INCLUDE_SOURCE;
				MTL_FAST_MATH = YES;
				ONLY_ACTIVE_ARCH = YES;
				SDKROOT = iphoneos;
				SWIFT_ACTIVE_COMPILATION_CONDITIONS = DEBUG;
				SWIFT_OPTIMIZATION_LEVEL = "-Onone";
			};
			name = Debug;
		};
		D8FFA2192763BE2600C2B17C /* Release */ = {
			isa = XCBuildConfiguration;
			buildSettings = {
				ALWAYS_SEARCH_USER_PATHS = NO;
				CLANG_ANALYZER_NONNULL = YES;
				CLANG_ANALYZER_NUMBER_OBJECT_CONVERSION = YES_AGGRESSIVE;
				CLANG_CXX_LANGUAGE_STANDARD = "gnu++17";
				CLANG_CXX_LIBRARY = "libc++";
				CLANG_ENABLE_MODULES = YES;
				CLANG_ENABLE_OBJC_ARC = YES;
				CLANG_ENABLE_OBJC_WEAK = YES;
				CLANG_WARN_BLOCK_CAPTURE_AUTORELEASING = YES;
				CLANG_WARN_BOOL_CONVERSION = YES;
				CLANG_WARN_COMMA = YES;
				CLANG_WARN_CONSTANT_CONVERSION = YES;
				CLANG_WARN_DEPRECATED_OBJC_IMPLEMENTATIONS = YES;
				CLANG_WARN_DIRECT_OBJC_ISA_USAGE = YES_ERROR;
				CLANG_WARN_DOCUMENTATION_COMMENTS = YES;
				CLANG_WARN_EMPTY_BODY = YES;
				CLANG_WARN_ENUM_CONVERSION = YES;
				CLANG_WARN_INFINITE_RECURSION = YES;
				CLANG_WARN_INT_CONVERSION = YES;
				CLANG_WARN_NON_LITERAL_NULL_CONVERSION = YES;
				CLANG_WARN_OBJC_IMPLICIT_RETAIN_SELF = YES;
				CLANG_WARN_OBJC_LITERAL_CONVERSION = YES;
				CLANG_WARN_OBJC_ROOT_CLASS = YES_ERROR;
				CLANG_WARN_QUOTED_INCLUDE_IN_FRAMEWORK_HEADER = YES;
				CLANG_WARN_RANGE_LOOP_ANALYSIS = YES;
				CLANG_WARN_STRICT_PROTOTYPES = YES;
				CLANG_WARN_SUSPICIOUS_MOVE = YES;
				CLANG_WARN_UNGUARDED_AVAILABILITY = YES_AGGRESSIVE;
				CLANG_WARN_UNREACHABLE_CODE = YES;
				CLANG_WARN__DUPLICATE_METHOD_MATCH = YES;
				COPY_PHASE_STRIP = NO;
				DEBUG_INFORMATION_FORMAT = "dwarf-with-dsym";
				ENABLE_NS_ASSERTIONS = NO;
				ENABLE_STRICT_OBJC_MSGSEND = YES;
				GCC_C_LANGUAGE_STANDARD = gnu11;
				GCC_NO_COMMON_BLOCKS = YES;
				GCC_WARN_64_TO_32_BIT_CONVERSION = YES;
				GCC_WARN_ABOUT_RETURN_TYPE = YES_ERROR;
				GCC_WARN_UNDECLARED_SELECTOR = YES;
				GCC_WARN_UNINITIALIZED_AUTOS = YES_AGGRESSIVE;
				GCC_WARN_UNUSED_FUNCTION = YES;
				GCC_WARN_UNUSED_VARIABLE = YES;
				IPHONEOS_DEPLOYMENT_TARGET = 15.0;
				MTL_ENABLE_DEBUG_INFO = NO;
				MTL_FAST_MATH = YES;
				SDKROOT = iphoneos;
				SWIFT_COMPILATION_MODE = wholemodule;
				SWIFT_OPTIMIZATION_LEVEL = "-O";
				VALIDATE_PRODUCT = YES;
			};
			name = Release;
		};
		D8FFA21B2763BE2600C2B17C /* Debug */ = {
			isa = XCBuildConfiguration;
			buildSettings = {
				ASSETCATALOG_COMPILER_APPICON_NAME = AppIcon;
				ASSETCATALOG_COMPILER_GLOBAL_ACCENT_COLOR_NAME = AccentColor;
				CODE_SIGN_STYLE = Automatic;
				CURRENT_PROJECT_VERSION = 1;
				DEVELOPMENT_ASSET_PATHS = "\"WaterBalanceUI/Preview Content\"";
				DEVELOPMENT_TEAM = B22FWJPJDP;
				ENABLE_PREVIEWS = YES;
				GENERATE_INFOPLIST_FILE = YES;
				INFOPLIST_KEY_UIApplicationSceneManifest_Generation = YES;
				INFOPLIST_KEY_UIApplicationSupportsIndirectInputEvents = YES;
				INFOPLIST_KEY_UILaunchScreen_Generation = YES;
				INFOPLIST_KEY_UISupportedInterfaceOrientations_iPad = "UIInterfaceOrientationPortrait UIInterfaceOrientationPortraitUpsideDown UIInterfaceOrientationLandscapeLeft UIInterfaceOrientationLandscapeRight";
				INFOPLIST_KEY_UISupportedInterfaceOrientations_iPhone = "UIInterfaceOrientationPortrait UIInterfaceOrientationLandscapeLeft UIInterfaceOrientationLandscapeRight";
				LD_RUNPATH_SEARCH_PATHS = (
					"$(inherited)",
					"@executable_path/Frameworks",
				);
				MARKETING_VERSION = 1.0;
				PRODUCT_BUNDLE_IDENTIFIER = co.arken.WaterBalanceUI;
				PRODUCT_NAME = "$(TARGET_NAME)";
				SWIFT_EMIT_LOC_STRINGS = YES;
				SWIFT_VERSION = 5.0;
				TARGETED_DEVICE_FAMILY = "1,2";
			};
			name = Debug;
		};
		D8FFA21C2763BE2600C2B17C /* Release */ = {
			isa = XCBuildConfiguration;
			buildSettings = {
				ASSETCATALOG_COMPILER_APPICON_NAME = AppIcon;
				ASSETCATALOG_COMPILER_GLOBAL_ACCENT_COLOR_NAME = AccentColor;
				CODE_SIGN_STYLE = Automatic;
				CURRENT_PROJECT_VERSION = 1;
				DEVELOPMENT_ASSET_PATHS = "\"WaterBalanceUI/Preview Content\"";
				DEVELOPMENT_TEAM = B22FWJPJDP;
				ENABLE_PREVIEWS = YES;
				GENERATE_INFOPLIST_FILE = YES;
				INFOPLIST_KEY_UIApplicationSceneManifest_Generation = YES;
				INFOPLIST_KEY_UIApplicationSupportsIndirectInputEvents = YES;
				INFOPLIST_KEY_UILaunchScreen_Generation = YES;
				INFOPLIST_KEY_UISupportedInterfaceOrientations_iPad = "UIInterfaceOrientationPortrait UIInterfaceOrientationPortraitUpsideDown UIInterfaceOrientationLandscapeLeft UIInterfaceOrientationLandscapeRight";
				INFOPLIST_KEY_UISupportedInterfaceOrientations_iPhone = "UIInterfaceOrientationPortrait UIInterfaceOrientationLandscapeLeft UIInterfaceOrientationLandscapeRight";
				LD_RUNPATH_SEARCH_PATHS = (
					"$(inherited)",
					"@executable_path/Frameworks",
				);
				MARKETING_VERSION = 1.0;
				PRODUCT_BUNDLE_IDENTIFIER = co.arken.WaterBalanceUI;
				PRODUCT_NAME = "$(TARGET_NAME)";
				SWIFT_EMIT_LOC_STRINGS = YES;
				SWIFT_VERSION = 5.0;
				TARGETED_DEVICE_FAMILY = "1,2";
			};
			name = Release;
		};
/* End XCBuildConfiguration section */

/* Begin XCConfigurationList section */
		D8FFA2072763BE2500C2B17C /* Build configuration list for PBXProject "WaterBalanceUI" */ = {
			isa = XCConfigurationList;
			buildConfigurations = (
				D8FFA2182763BE2600C2B17C /* Debug */,
				D8FFA2192763BE2600C2B17C /* Release */,
			);
			defaultConfigurationIsVisible = 0;
			defaultConfigurationName = Release;
		};
		D8FFA21A2763BE2600C2B17C /* Build configuration list for PBXNativeTarget "WaterBalanceUI" */ = {
			isa = XCConfigurationList;
			buildConfigurations = (
				D8FFA21B2763BE2600C2B17C /* Debug */,
				D8FFA21C2763BE2600C2B17C /* Release */,
			);
			defaultConfigurationIsVisible = 0;
			defaultConfigurationName = Release;
		};
/* End XCConfigurationList section */
	};
	rootObject = D8FFA2042763BE2500C2B17C /* Project object */;
}
